
Microsoft Visual Studio Solution File, Format Version 12.00
# Visual Studio Version 17
VisualStudioVersion = 17.0.31912.275
MinimumVisualStudioVersion = 10.0.40219.1
Project("{2150E333-8FDC-42A3-9474-1A3956D46DE8}") = "EjerciciosPOO", "EjerciciosPOO", "{60961927-CBDD-4219-925D-D969FD574A1B}"
EndProject
Project("{FAE04EC0-301F-11D3-BF4B-00C04F79EFBC}") = "Ejercicio1", "..\Ejercicio1\Ejercicio1.csproj", "{7B51A193-EA79-4CF7-B6D2-99AC6DE3B35F}"
EndProject
Project("{FAE04EC0-301F-11D3-BF4B-00C04F79EFBC}") = "Ejercicio2", "Ejercicio2\Ejercicio2.csproj", "{1B801DDF-1A8F-4042-94BA-ADDFFE662ADC}"
EndProject
Project("{FAE04EC0-301F-11D3-BF4B-00C04F79EFBC}") = "Ejercicio3", "Ejercicio3\Ejercicio3.csproj", "{15CB73E6-2C7B-4F6B-9754-EBA0F1280A54}"
EndProject
Project("{FAE04EC0-301F-11D3-BF4B-00C04F79EFBC}") = "HerenciaSobreescritura_HaloEjemplo", "HerenciaSobreescritura_HaloEjemplo\HerenciaSobreescritura_HaloEjemplo.csproj", "{C5ED893C-3B8F-445F-8C2B-C9E9F564F8AB}"
EndProject
Project("{FAE04EC0-301F-11D3-BF4B-00C04F79EFBC}") = "Abstraccion", "Abstraccion\Abstraccion.csproj", "{B6C3D34E-9F23-4CCD-A8DA-2F6A7B5E510B}"
EndProject
Project("{FAE04EC0-301F-11D3-BF4B-00C04F79EFBC}") = "Polimorfismo", "Polimorfismo\Polimorfismo.csproj", "{C23828D2-C19F-4CC7-AADC-48B34C9D7DC1}"
EndProject
Project("{FAE04EC0-301F-11D3-BF4B-00C04F79EFBC}") = "EjercicioHerencia", "EjercicioHerencia\EjercicioHerencia.csproj", "{09D55D18-D18A-4CC2-8BCD-C58C12160F6D}"
EndProject
Project("{FAE04EC0-301F-11D3-BF4B-00C04F79EFBC}") = "Listas", "Listas\Listas.csproj", "{292528AC-B6DB-4257-B965-6BE2D962ACA5}"
EndProject
Project("{FAE04EC0-301F-11D3-BF4B-00C04F79EFBC}") = "ClaseArrayList", "ClaseArrayList\ClaseArrayList.csproj", "{C1EB3C8B-37A1-4056-B6A3-13C2CC74C69F}"
EndProject
Project("{FAE04EC0-301F-11D3-BF4B-00C04F79EFBC}") = "PilaStack", "PilaStack\PilaStack.csproj", "{BF9E3EB9-28BA-4EEB-8223-D115A54BDBA3}"
EndProject
Project("{FAE04EC0-301F-11D3-BF4B-00C04F79EFBC}") = "ColeccionDiccionario", "ColeccionDiccionario\ColeccionDiccionario.csproj", "{897FEF32-D920-41E2-BE0D-D9EC7AC27366}"
EndProject
Project("{FAE04EC0-301F-11D3-BF4B-00C04F79EFBC}") = "ManejoDeExcepciones", "ManejoDeExcepciones\ManejoDeExcepciones.csproj", "{83413870-F2D5-467D-BFA6-EDA97AA0C8F7}"
EndProject
Global
	GlobalSection(SolutionConfigurationPlatforms) = preSolution
		Debug|Any CPU = Debug|Any CPU
		Release|Any CPU = Release|Any CPU
	EndGlobalSection
	GlobalSection(ProjectConfigurationPlatforms) = postSolution
		{7B51A193-EA79-4CF7-B6D2-99AC6DE3B35F}.Debug|Any CPU.ActiveCfg = Debug|Any CPU
		{7B51A193-EA79-4CF7-B6D2-99AC6DE3B35F}.Debug|Any CPU.Build.0 = Debug|Any CPU
		{7B51A193-EA79-4CF7-B6D2-99AC6DE3B35F}.Release|Any CPU.ActiveCfg = Release|Any CPU
		{7B51A193-EA79-4CF7-B6D2-99AC6DE3B35F}.Release|Any CPU.Build.0 = Release|Any CPU
		{1B801DDF-1A8F-4042-94BA-ADDFFE662ADC}.Debug|Any CPU.ActiveCfg = Debug|Any CPU
		{1B801DDF-1A8F-4042-94BA-ADDFFE662ADC}.Debug|Any CPU.Build.0 = Debug|Any CPU
		{1B801DDF-1A8F-4042-94BA-ADDFFE662ADC}.Release|Any CPU.ActiveCfg = Release|Any CPU
		{1B801DDF-1A8F-4042-94BA-ADDFFE662ADC}.Release|Any CPU.Build.0 = Release|Any CPU
		{15CB73E6-2C7B-4F6B-9754-EBA0F1280A54}.Debug|Any CPU.ActiveCfg = Debug|Any CPU
		{15CB73E6-2C7B-4F6B-9754-EBA0F1280A54}.Debug|Any CPU.Build.0 = Debug|Any CPU
		{15CB73E6-2C7B-4F6B-9754-EBA0F1280A54}.Release|Any CPU.ActiveCfg = Release|Any CPU
		{15CB73E6-2C7B-4F6B-9754-EBA0F1280A54}.Release|Any CPU.Build.0 = Release|Any CPU
		{C5ED893C-3B8F-445F-8C2B-C9E9F564F8AB}.Debug|Any CPU.ActiveCfg = Debug|Any CPU
		{C5ED893C-3B8F-445F-8C2B-C9E9F564F8AB}.Debug|Any CPU.Build.0 = Debug|Any CPU
		{C5ED893C-3B8F-445F-8C2B-C9E9F564F8AB}.Release|Any CPU.ActiveCfg = Release|Any CPU
		{C5ED893C-3B8F-445F-8C2B-C9E9F564F8AB}.Release|Any CPU.Build.0 = Release|Any CPU
		{B6C3D34E-9F23-4CCD-A8DA-2F6A7B5E510B}.Debug|Any CPU.ActiveCfg = Debug|Any CPU
		{B6C3D34E-9F23-4CCD-A8DA-2F6A7B5E510B}.Debug|Any CPU.Build.0 = Debug|Any CPU
		{B6C3D34E-9F23-4CCD-A8DA-2F6A7B5E510B}.Release|Any CPU.ActiveCfg = Release|Any CPU
		{B6C3D34E-9F23-4CCD-A8DA-2F6A7B5E510B}.Release|Any CPU.Build.0 = Release|Any CPU
		{C23828D2-C19F-4CC7-AADC-48B34C9D7DC1}.Debug|Any CPU.ActiveCfg = Debug|Any CPU
		{C23828D2-C19F-4CC7-AADC-48B34C9D7DC1}.Debug|Any CPU.Build.0 = Debug|Any CPU
		{C23828D2-C19F-4CC7-AADC-48B34C9D7DC1}.Release|Any CPU.ActiveCfg = Release|Any CPU
		{C23828D2-C19F-4CC7-AADC-48B34C9D7DC1}.Release|Any CPU.Build.0 = Release|Any CPU
		{09D55D18-D18A-4CC2-8BCD-C58C12160F6D}.Debug|Any CPU.ActiveCfg = Debug|Any CPU
		{09D55D18-D18A-4CC2-8BCD-C58C12160F6D}.Debug|Any CPU.Build.0 = Debug|Any CPU
		{09D55D18-D18A-4CC2-8BCD-C58C12160F6D}.Release|Any CPU.ActiveCfg = Release|Any CPU
		{09D55D18-D18A-4CC2-8BCD-C58C12160F6D}.Release|Any CPU.Build.0 = Release|Any CPU
		{292528AC-B6DB-4257-B965-6BE2D962ACA5}.Debug|Any CPU.ActiveCfg = Debug|Any CPU
		{292528AC-B6DB-4257-B965-6BE2D962ACA5}.Debug|Any CPU.Build.0 = Debug|Any CPU
		{292528AC-B6DB-4257-B965-6BE2D962ACA5}.Release|Any CPU.ActiveCfg = Release|Any CPU
		{292528AC-B6DB-4257-B965-6BE2D962ACA5}.Release|Any CPU.Build.0 = Release|Any CPU
		{C1EB3C8B-37A1-4056-B6A3-13C2CC74C69F}.Debug|Any CPU.ActiveCfg = Debug|Any CPU
		{C1EB3C8B-37A1-4056-B6A3-13C2CC74C69F}.Debug|Any CPU.Build.0 = Debug|Any CPU
		{C1EB3C8B-37A1-4056-B6A3-13C2CC74C69F}.Release|Any CPU.ActiveCfg = Release|Any CPU
		{C1EB3C8B-37A1-4056-B6A3-13C2CC74C69F}.Release|Any CPU.Build.0 = Release|Any CPU
		{BF9E3EB9-28BA-4EEB-8223-D115A54BDBA3}.Debug|Any CPU.ActiveCfg = Debug|Any CPU
		{BF9E3EB9-28BA-4EEB-8223-D115A54BDBA3}.Debug|Any CPU.Build.0 = Debug|Any CPU
		{BF9E3EB9-28BA-4EEB-8223-D115A54BDBA3}.Release|Any CPU.ActiveCfg = Release|Any CPU
		{BF9E3EB9-28BA-4EEB-8223-D115A54BDBA3}.Release|Any CPU.Build.0 = Release|Any CPU
		{897FEF32-D920-41E2-BE0D-D9EC7AC27366}.Debug|Any CPU.ActiveCfg = Debug|Any CPU
		{897FEF32-D920-41E2-BE0D-D9EC7AC27366}.Debug|Any CPU.Build.0 = Debug|Any CPU
		{897FEF32-D920-41E2-BE0D-D9EC7AC27366}.Release|Any CPU.ActiveCfg = Release|Any CPU
		{897FEF32-D920-41E2-BE0D-D9EC7AC27366}.Release|Any CPU.Build.0 = Release|Any CPU
		{83413870-F2D5-467D-BFA6-EDA97AA0C8F7}.Debug|Any CPU.ActiveCfg = Debug|Any CPU
		{83413870-F2D5-467D-BFA6-EDA97AA0C8F7}.Debug|Any CPU.Build.0 = Debug|Any CPU
		{83413870-F2D5-467D-BFA6-EDA97AA0C8F7}.Release|Any CPU.ActiveCfg = Release|Any CPU
		{83413870-F2D5-467D-BFA6-EDA97AA0C8F7}.Release|Any CPU.Build.0 = Release|Any CPU
	EndGlobalSection
	GlobalSection(SolutionProperties) = preSolution
		HideSolutionNode = FALSE
	EndGlobalSection
	GlobalSection(NestedProjects) = preSolution
		{7B51A193-EA79-4CF7-B6D2-99AC6DE3B35F} = {60961927-CBDD-4219-925D-D969FD574A1B}
		{1B801DDF-1A8F-4042-94BA-ADDFFE662ADC} = {60961927-CBDD-4219-925D-D969FD574A1B}
		{15CB73E6-2C7B-4F6B-9754-EBA0F1280A54} = {60961927-CBDD-4219-925D-D969FD574A1B}
		{C5ED893C-3B8F-445F-8C2B-C9E9F564F8AB} = {60961927-CBDD-4219-925D-D969FD574A1B}
		{B6C3D34E-9F23-4CCD-A8DA-2F6A7B5E510B} = {60961927-CBDD-4219-925D-D969FD574A1B}
		{C23828D2-C19F-4CC7-AADC-48B34C9D7DC1} = {60961927-CBDD-4219-925D-D969FD574A1B}
		{09D55D18-D18A-4CC2-8BCD-C58C12160F6D} = {60961927-CBDD-4219-925D-D969FD574A1B}
		{292528AC-B6DB-4257-B965-6BE2D962ACA5} = {60961927-CBDD-4219-925D-D969FD574A1B}
		{C1EB3C8B-37A1-4056-B6A3-13C2CC74C69F} = {60961927-CBDD-4219-925D-D969FD574A1B}
		{BF9E3EB9-28BA-4EEB-8223-D115A54BDBA3} = {60961927-CBDD-4219-925D-D969FD574A1B}
		{897FEF32-D920-41E2-BE0D-D9EC7AC27366} = {60961927-CBDD-4219-925D-D969FD574A1B}
		{83413870-F2D5-467D-BFA6-EDA97AA0C8F7} = {60961927-CBDD-4219-925D-D969FD574A1B}
	EndGlobalSection
	GlobalSection(ExtensibilityGlobals) = postSolution
		SolutionGuid = {8804993B-B6EA-4B54-B833-9BC5990E0FA4}
	EndGlobalSection
EndGlobal
